// !$*UTF8*$!
{
	archiveVersion = 1;
	classes = {
	};
	objectVersion = 56;
	objects = {

/* Begin PBXBuildFile section */
		6BF183B32E91678300EFF88D /* TestSwiftUICommonApp.swift in Sources */ = {isa = PBXBuildFile; fileRef = 6BF183B22E91678300EFF88D /* TestSwiftUICommonApp.swift */; };
		6BF183B52E91678300EFF88D /* ContentView.swift in Sources */ = {isa = PBXBuildFile; fileRef = 6BF183B42E91678300EFF88D /* ContentView.swift */; };
		6BF183B72E91678600EFF88D /* Assets.xcassets in Resources */ = {isa = PBXBuildFile; fileRef = 6BF183B62E91678600EFF88D /* Assets.xcassets */; };
		6BF183BA2E91678600EFF88D /* Preview Assets.xcassets in Resources */ = {isa = PBXBuildFile; fileRef = 6BF183B92E91678600EFF88D /* Preview Assets.xcassets */; };
		6BF183C42E91678600EFF88D /* TestSwiftUICommonTests.swift in Sources */ = {isa = PBXBuildFile; fileRef = 6BF183C32E91678600EFF88D /* TestSwiftUICommonTests.swift */; };
		6BF183CE2E91678700EFF88D /* TestSwiftUICommonUITests.swift in Sources */ = {isa = PBXBuildFile; fileRef = 6BF183CD2E91678700EFF88D /* TestSwiftUICommonUITests.swift */; };
		6BF183D02E91678700EFF88D /* TestSwiftUICommonUITestsLaunchTests.swift in Sources */ = {isa = PBXBuildFile; fileRef = 6BF183CF2E91678700EFF88D /* TestSwiftUICommonUITestsLaunchTests.swift */; };
/* End PBXBuildFile section */

/* Begin PBXContainerItemProxy section */
		6BF183C02E91678600EFF88D /* PBXContainerItemProxy */ = {
			isa = PBXContainerItemProxy;
			containerPortal = 6BF183A72E91678300EFF88D /* Project object */;
			proxyType = 1;
			remoteGlobalIDString = 6BF183AE2E91678300EFF88D;
			remoteInfo = TestSwiftUICommon;
		};
		6BF183CA2E91678700EFF88D /* PBXContainerItemProxy */ = {
			isa = PBXContainerItemProxy;
			containerPortal = 6BF183A72E91678300EFF88D /* Project object */;
			proxyType = 1;
			remoteGlobalIDString = 6BF183AE2E91678300EFF88D;
			remoteInfo = TestSwiftUICommon;
		};
/* End PBXContainerItemProxy section */

/* Begin PBXFileReference section */
		6BF183AF2E91678300EFF88D /* TestSwiftUICommon.app */ = {isa = PBXFileReference; explicitFileType = wrapper.application; includeInIndex = 0; path = TestSwiftUICommon.app; sourceTree = BUILT_PRODUCTS_DIR; };
		6BF183B22E91678300EFF88D /* TestSwiftUICommonApp.swift */ = {isa = PBXFileReference; lastKnownFileType = sourcecode.swift; path = TestSwiftUICommonApp.swift; sourceTree = "<group>"; };
		6BF183B42E91678300EFF88D /* ContentView.swift */ = {isa = PBXFileReference; lastKnownFileType = sourcecode.swift; path = ContentView.swift; sourceTree = "<group>"; };
		6BF183B62E91678600EFF88D /* Assets.xcassets */ = {isa = PBXFileReference; lastKnownFileType = folder.assetcatalog; path = Assets.xcassets; sourceTree = "<group>"; };
		6BF183B92E91678600EFF88D /* Preview Assets.xcassets */ = {isa = PBXFileReference; lastKnownFileType = folder.assetcatalog; path = "Preview Assets.xcassets"; sourceTree = "<group>"; };
		6BF183BF2E91678600EFF88D /* TestSwiftUICommonTests.xctest */ = {isa = PBXFileReference; explicitFileType = wrapper.cfbundle; includeInIndex = 0; path = TestSwiftUICommonTests.xctest; sourceTree = BUILT_PRODUCTS_DIR; };
		6BF183C32E91678600EFF88D /* TestSwiftUICommonTests.swift */ = {isa = PBXFileReference; lastKnownFileType = sourcecode.swift; path = TestSwiftUICommonTests.swift; sourceTree = "<group>"; };
		6BF183C92E91678700EFF88D /* TestSwiftUICommonUITests.xctest */ = {isa = PBXFileReference; explicitFileType = wrapper.cfbundle; includeInIndex = 0; path = TestSwiftUICommonUITests.xctest; sourceTree = BUILT_PRODUCTS_DIR; };
		6BF183CD2E91678700EFF88D /* TestSwiftUICommonUITests.swift */ = {isa = PBXFileReference; lastKnownFileType = sourcecode.swift; path = TestSwiftUICommonUITests.swift; sourceTree = "<group>"; };
		6BF183CF2E91678700EFF88D /* TestSwiftUICommonUITestsLaunchTests.swift */ = {isa = PBXFileReference; lastKnownFileType = sourcecode.swift; path = TestSwiftUICommonUITestsLaunchTests.swift; sourceTree = "<group>"; };
/* End PBXFileReference section */

/* Begin PBXFrameworksBuildPhase section */
		6BF183AC2E91678300EFF88D /* Frameworks */ = {
			isa = PBXFrameworksBuildPhase;
			buildActionMask = 2147483647;
			files = (
			);
			runOnlyForDeploymentPostprocessing = 0;
		};
		6BF183BC2E91678600EFF88D /* Frameworks */ = {
			isa = PBXFrameworksBuildPhase;
			buildActionMask = 2147483647;
			files = (
			);
			runOnlyForDeploymentPostprocessing = 0;
		};
		6BF183C62E91678700EFF88D /* Frameworks */ = {
			isa = PBXFrameworksBuildPhase;
			buildActionMask = 2147483647;
			files = (
			);
			runOnlyForDeploymentPostprocessing = 0;
		};
/* End PBXFrameworksBuildPhase section */

/* Begin PBXGroup section */
		6BF183A62E91678300EFF88D = {
			isa = PBXGroup;
			children = (
				6BF183B12E91678300EFF88D /* TestSwiftUICommon */,
				6BF183C22E91678600EFF88D /* TestSwiftUICommonTests */,
				6BF183CC2E91678700EFF88D /* TestSwiftUICommonUITests */,
				6BF183B02E91678300EFF88D /* Products */,
			);
			sourceTree = "<group>";
		};
		6BF183B02E91678300EFF88D /* Products */ = {
			isa = PBXGroup;
			children = (
				6BF183AF2E91678300EFF88D /* TestSwiftUICommon.app */,
				6BF183BF2E91678600EFF88D /* TestSwiftUICommonTests.xctest */,
				6BF183C92E91678700EFF88D /* TestSwiftUICommonUITests.xctest */,
			);
			name = Products;
			sourceTree = "<group>";
		};
		6BF183B12E91678300EFF88D /* TestSwiftUICommon */ = {
			isa = PBXGroup;
			children = (
				6BF183B22E91678300EFF88D /* TestSwiftUICommonApp.swift */,
				6BF183B42E91678300EFF88D /* ContentView.swift */,
				6BF183B62E91678600EFF88D /* Assets.xcassets */,
				6BF183B82E91678600EFF88D /* Preview Content */,
			);
			path = TestSwiftUICommon;
			sourceTree = "<group>";
		};
		6BF183B82E91678600EFF88D /* Preview Content */ = {
			isa = PBXGroup;
			children = (
				6BF183B92E91678600EFF88D /* Preview Assets.xcassets */,
			);
			path = "Preview Content";
			sourceTree = "<group>";
		};
		6BF183C22E91678600EFF88D /* TestSwiftUICommonTests */ = {
			isa = PBXGroup;
			children = (
				6BF183C32E91678600EFF88D /* TestSwiftUICommonTests.swift */,
			);
			path = TestSwiftUICommonTests;
			sourceTree = "<group>";
		};
		6BF183CC2E91678700EFF88D /* TestSwiftUICommonUITests */ = {
			isa = PBXGroup;
			children = (
				6BF183CD2E91678700EFF88D /* TestSwiftUICommonUITests.swift */,
				6BF183CF2E91678700EFF88D /* TestSwiftUICommonUITestsLaunchTests.swift */,
			);
			path = TestSwiftUICommonUITests;
			sourceTree = "<group>";
		};
/* End PBXGroup section */

/* Begin PBXNativeTarget section */
		6BF183AE2E91678300EFF88D /* TestSwiftUICommon */ = {
			isa = PBXNativeTarget;
			buildConfigurationList = 6BF183D32E91678700EFF88D /* Build configuration list for PBXNativeTarget "TestSwiftUICommon" */;
			buildPhases = (
				6BF183AB2E91678300EFF88D /* Sources */,
				6BF183AC2E91678300EFF88D /* Frameworks */,
				6BF183AD2E91678300EFF88D /* Resources */,
			);
			buildRules = (
			);
			dependencies = (
			);
			name = TestSwiftUICommon;
			productName = TestSwiftUICommon;
			productReference = 6BF183AF2E91678300EFF88D /* TestSwiftUICommon.app */;
			productType = "com.apple.product-type.application";
		};
		6BF183BE2E91678600EFF88D /* TestSwiftUICommonTests */ = {
			isa = PBXNativeTarget;
			buildConfigurationList = 6BF183D62E91678700EFF88D /* Build configuration list for PBXNativeTarget "TestSwiftUICommonTests" */;
			buildPhases = (
				6BF183BB2E91678600EFF88D /* Sources */,
				6BF183BC2E91678600EFF88D /* Frameworks */,
				6BF183BD2E91678600EFF88D /* Resources */,
			);
			buildRules = (
			);
			dependencies = (
				6BF183C12E91678600EFF88D /* PBXTargetDependency */,
			);
			name = TestSwiftUICommonTests;
			productName = TestSwiftUICommonTests;
			productReference = 6BF183BF2E91678600EFF88D /* TestSwiftUICommonTests.xctest */;
			productType = "com.apple.product-type.bundle.unit-test";
		};
		6BF183C82E91678700EFF88D /* TestSwiftUICommonUITests */ = {
			isa = PBXNativeTarget;
			buildConfigurationList = 6BF183D92E91678700EFF88D /* Build configuration list for PBXNativeTarget "TestSwiftUICommonUITests" */;
			buildPhases = (
				6BF183C52E91678700EFF88D /* Sources */,
				6BF183C62E91678700EFF88D /* Frameworks */,
				6BF183C72E91678700EFF88D /* Resources */,
			);
			buildRules = (
			);
			dependencies = (
				6BF183CB2E91678700EFF88D /* PBXTargetDependency */,
			);
			name = TestSwiftUICommonUITests;
			productName = TestSwiftUICommonUITests;
			productReference = 6BF183C92E91678700EFF88D /* TestSwiftUICommonUITests.xctest */;
			productType = "com.apple.product-type.bundle.ui-testing";
		};
/* End PBXNativeTarget section */

/* Begin PBXProject section */
		6BF183A72E91678300EFF88D /* Project object */ = {
			isa = PBXProject;
			attributes = {
				BuildIndependentTargetsInParallel = 1;
				LastSwiftUpdateCheck = 1520;
				LastUpgradeCheck = 1520;
				TargetAttributes = {
					6BF183AE2E91678300EFF88D = {
						CreatedOnToolsVersion = 15.2;
					};
					6BF183BE2E91678600EFF88D = {
						CreatedOnToolsVersion = 15.2;
						TestTargetID = 6BF183AE2E91678300EFF88D;
					};
					6BF183C82E91678700EFF88D = {
						CreatedOnToolsVersion = 15.2;
						TestTargetID = 6BF183AE2E91678300EFF88D;
					};
				};
			};
			buildConfigurationList = 6BF183AA2E91678300EFF88D /* Build configuration list for PBXProject "TestSwiftUICommon" */;
			compatibilityVersion = "Xcode 14.0";
			developmentRegion = en;
			hasScannedForEncodings = 0;
			knownRegions = (
				en,
				Base,
			);
			mainGroup = 6BF183A62E91678300EFF88D;
			productRefGroup = 6BF183B02E91678300EFF88D /* Products */;
			projectDirPath = "";
			projectRoot = "";
			targets = (
				6BF183AE2E91678300EFF88D /* TestSwiftUICommon */,
				6BF183BE2E91678600EFF88D /* TestSwiftUICommonTests */,
				6BF183C82E91678700EFF88D /* TestSwiftUICommonUITests */,
			);
		};
/* End PBXProject section */

/* Begin PBXResourcesBuildPhase section */
		6BF183AD2E91678300EFF88D /* Resources */ = {
			isa = PBXResourcesBuildPhase;
			buildActionMask = 2147483647;
			files = (
				6BF183BA2E91678600EFF88D /* Preview Assets.xcassets in Resources */,
				6BF183B72E91678600EFF88D /* Assets.xcassets in Resources */,
			);
			runOnlyForDeploymentPostprocessing = 0;
		};
		6BF183BD2E91678600EFF88D /* Resources */ = {
			isa = PBXResourcesBuildPhase;
			buildActionMask = 2147483647;
			files = (
			);
			runOnlyForDeploymentPostprocessing = 0;
		};
		6BF183C72E91678700EFF88D /* Resources */ = {
			isa = PBXResourcesBuildPhase;
			buildActionMask = 2147483647;
			files = (
			);
			runOnlyForDeploymentPostprocessing = 0;
		};
/* End PBXResourcesBuildPhase section */

/* Begin PBXSourcesBuildPhase section */
		6BF183AB2E91678300EFF88D /* Sources */ = {
			isa = PBXSourcesBuildPhase;
			buildActionMask = 2147483647;
			files = (
				6BF183B52E91678300EFF88D /* ContentView.swift in Sources */,
				6BF183B32E91678300EFF88D /* TestSwiftUICommonApp.swift in Sources */,
			);
			runOnlyForDeploymentPostprocessing = 0;
		};
		6BF183BB2E91678600EFF88D /* Sources */ = {
			isa = PBXSourcesBuildPhase;
			buildActionMask = 2147483647;
			files = (
				6BF183C42E91678600EFF88D /* TestSwiftUICommonTests.swift in Sources */,
			);
			runOnlyForDeploymentPostprocessing = 0;
		};
		6BF183C52E91678700EFF88D /* Sources */ = {
			isa = PBXSourcesBuildPhase;
			buildActionMask = 2147483647;
			files = (
				6BF183CE2E91678700EFF88D /* TestSwiftUICommonUITests.swift in Sources */,
				6BF183D02E91678700EFF88D /* TestSwiftUICommonUITestsLaunchTests.swift in Sources */,
			);
			runOnlyForDeploymentPostprocessing = 0;
		};
/* End PBXSourcesBuildPhase section */

/* Begin PBXTargetDependency section */
		6BF183C12E91678600EFF88D /* PBXTargetDependency */ = {
			isa = PBXTargetDependency;
			target = 6BF183AE2E91678300EFF88D /* TestSwiftUICommon */;
			targetProxy = 6BF183C02E91678600EFF88D /* PBXContainerItemProxy */;
		};
		6BF183CB2E91678700EFF88D /* PBXTargetDependency */ = {
			isa = PBXTargetDependency;
			target = 6BF183AE2E91678300EFF88D /* TestSwiftUICommon */;
			targetProxy = 6BF183CA2E91678700EFF88D /* PBXContainerItemProxy */;
		};
/* End PBXTargetDependency section */

/* Begin XCBuildConfiguration section */
		6BF183D12E91678700EFF88D /* Debug */ = {
			isa = XCBuildConfiguration;
			buildSettings = {
				ALWAYS_SEARCH_USER_PATHS = NO;
				ASSETCATALOG_COMPILER_GENERATE_SWIFT_ASSET_SYMBOL_EXTENSIONS = YES;
				CLANG_ANALYZER_NONNULL = YES;
				CLANG_ANALYZER_NUMBER_OBJECT_CONVERSION = YES_AGGRESSIVE;
				CLANG_CXX_LANGUAGE_STANDARD = "gnu++20";
				CLANG_ENABLE_MODULES = YES;
				CLANG_ENABLE_OBJC_ARC = YES;
				CLANG_ENABLE_OBJC_WEAK = YES;
				CLANG_WARN_BLOCK_CAPTURE_AUTORELEASING = YES;
				CLANG_WARN_BOOL_CONVERSION = YES;
				CLANG_WARN_COMMA = YES;
				CLANG_WARN_CONSTANT_CONVERSION = YES;
				CLANG_WARN_DEPRECATED_OBJC_IMPLEMENTATIONS = YES;
				CLANG_WARN_DIRECT_OBJC_ISA_USAGE = YES_ERROR;
				CLANG_WARN_DOCUMENTATION_COMMENTS = YES;
				CLANG_WARN_EMPTY_BODY = YES;
				CLANG_WARN_ENUM_CONVERSION = YES;
				CLANG_WARN_INFINITE_RECURSION = YES;
				CLANG_WARN_INT_CONVERSION = YES;
				CLANG_WARN_NON_LITERAL_NULL_CONVERSION = YES;
				CLANG_WARN_OBJC_IMPLICIT_RETAIN_SELF = YES;
				CLANG_WARN_OBJC_LITERAL_CONVERSION = YES;
				CLANG_WARN_OBJC_ROOT_CLASS = YES_ERROR;
				CLANG_WARN_QUOTED_INCLUDE_IN_FRAMEWORK_HEADER = YES;
				CLANG_WARN_RANGE_LOOP_ANALYSIS = YES;
				CLANG_WARN_STRICT_PROTOTYPES = YES;
				CLANG_WARN_SUSPICIOUS_MOVE = YES;
				CLANG_WARN_UNGUARDED_AVAILABILITY = YES_AGGRESSIVE;
				CLANG_WARN_UNREACHABLE_CODE = YES;
				CLANG_WARN__DUPLICATE_METHOD_MATCH = YES;
				COPY_PHASE_STRIP = NO;
				DEBUG_INFORMATION_FORMAT = dwarf;
				ENABLE_STRICT_OBJC_MSGSEND = YES;
				ENABLE_TESTABILITY = YES;
				ENABLE_USER_SCRIPT_SANDBOXING = YES;
				GCC_C_LANGUAGE_STANDARD = gnu17;
				GCC_DYNAMIC_NO_PIC = NO;
				GCC_NO_COMMON_BLOCKS = YES;
				GCC_OPTIMIZATION_LEVEL = 0;
				GCC_PREPROCESSOR_DEFINITIONS = (
					"DEBUG=1",
					"$(inherited)",
				);
				GCC_WARN_64_TO_32_BIT_CONVERSION = YES;
				GCC_WARN_ABOUT_RETURN_TYPE = YES_ERROR;
				GCC_WARN_UNDECLARED_SELECTOR = YES;
				GCC_WARN_UNINITIALIZED_AUTOS = YES_AGGRESSIVE;
				GCC_WARN_UNUSED_FUNCTION = YES;
				GCC_WARN_UNUSED_VARIABLE = YES;
				IPHONEOS_DEPLOYMENT_TARGET = 17.2;
				LOCALIZATION_PREFERS_STRING_CATALOGS = YES;
				MTL_ENABLE_DEBUG_INFO = INCLUDE_SOURCE;
				MTL_FAST_MATH = YES;
				ONLY_ACTIVE_ARCH = YES;
				SDKROOT = iphoneos;
				SWIFT_ACTIVE_COMPILATION_CONDITIONS = "DEBUG $(inherited)";
				SWIFT_OPTIMIZATION_LEVEL = "-Onone";
			};
			name = Debug;
		};
		6BF183D22E91678700EFF88D /* Release */ = {
			isa = XCBuildConfiguration;
			buildSettings = {
				ALWAYS_SEARCH_USER_PATHS = NO;
				ASSETCATALOG_COMPILER_GENERATE_SWIFT_ASSET_SYMBOL_EXTENSIONS = YES;
				CLANG_ANALYZER_NONNULL = YES;
				CLANG_ANALYZER_NUMBER_OBJECT_CONVERSION = YES_AGGRESSIVE;
				CLANG_CXX_LANGUAGE_STANDARD = "gnu++20";
				CLANG_ENABLE_MODULES = YES;
				CLANG_ENABLE_OBJC_ARC = YES;
				CLANG_ENABLE_OBJC_WEAK = YES;
				CLANG_WARN_BLOCK_CAPTURE_AUTORELEASING = YES;
				CLANG_WARN_BOOL_CONVERSION = YES;
				CLANG_WARN_COMMA = YES;
				CLANG_WARN_CONSTANT_CONVERSION = YES;
				CLANG_WARN_DEPRECATED_OBJC_IMPLEMENTATIONS = YES;
				CLANG_WARN_DIRECT_OBJC_ISA_USAGE = YES_ERROR;
				CLANG_WARN_DOCUMENTATION_COMMENTS = YES;
				CLANG_WARN_EMPTY_BODY = YES;
				CLANG_WARN_ENUM_CONVERSION = YES;
				CLANG_WARN_INFINITE_RECURSION = YES;
				CLANG_WARN_INT_CONVERSION = YES;
				CLANG_WARN_NON_LITERAL_NULL_CONVERSION = YES;
				CLANG_WARN_OBJC_IMPLICIT_RETAIN_SELF = YES;
				CLANG_WARN_OBJC_LITERAL_CONVERSION = YES;
				CLANG_WARN_OBJC_ROOT_CLASS = YES_ERROR;
				CLANG_WARN_QUOTED_INCLUDE_IN_FRAMEWORK_HEADER = YES;
				CLANG_WARN_RANGE_LOOP_ANALYSIS = YES;
				CLANG_WARN_STRICT_PROTOTYPES = YES;
				CLANG_WARN_SUSPICIOUS_MOVE = YES;
				CLANG_WARN_UNGUARDED_AVAILABILITY = YES_AGGRESSIVE;
				CLANG_WARN_UNREACHABLE_CODE = YES;
				CLANG_WARN__DUPLICATE_METHOD_MATCH = YES;
				COPY_PHASE_STRIP = NO;
				DEBUG_INFORMATION_FORMAT = "dwarf-with-dsym";
				ENABLE_NS_ASSERTIONS = NO;
				ENABLE_STRICT_OBJC_MSGSEND = YES;
				ENABLE_USER_SCRIPT_SANDBOXING = YES;
				GCC_C_LANGUAGE_STANDARD = gnu17;
				GCC_NO_COMMON_BLOCKS = YES;
				GCC_WARN_64_TO_32_BIT_CONVERSION = YES;
				GCC_WARN_ABOUT_RETURN_TYPE = YES_ERROR;
				GCC_WARN_UNDECLARED_SELECTOR = YES;
				GCC_WARN_UNINITIALIZED_AUTOS = YES_AGGRESSIVE;
				GCC_WARN_UNUSED_FUNCTION = YES;
				GCC_WARN_UNUSED_VARIABLE = YES;
				IPHONEOS_DEPLOYMENT_TARGET = 17.2;
				LOCALIZATION_PREFERS_STRING_CATALOGS = YES;
				MTL_ENABLE_DEBUG_INFO = NO;
				MTL_FAST_MATH = YES;
				SDKROOT = iphoneos;
				SWIFT_COMPILATION_MODE = wholemodule;
				VALIDATE_PRODUCT = YES;
			};
			name = Release;
		};
		6BF183D42E91678700EFF88D /* Debug */ = {
			isa = XCBuildConfiguration;
			buildSettings = {
				ASSETCATALOG_COMPILER_APPICON_NAME = AppIcon;
				ASSETCATALOG_COMPILER_GLOBAL_ACCENT_COLOR_NAME = AccentColor;
				CODE_SIGN_STYLE = Automatic;
				CURRENT_PROJECT_VERSION = 1;
				DEVELOPMENT_ASSET_PATHS = "\"TestSwiftUICommon/Preview Content\"";
				DEVELOPMENT_TEAM = 7FV4MH2YV9;
				ENABLE_PREVIEWS = YES;
				GENERATE_INFOPLIST_FILE = YES;
				INFOPLIST_KEY_UIApplicationSceneManifest_Generation = YES;
				INFOPLIST_KEY_UIApplicationSupportsIndirectInputEvents = YES;
				INFOPLIST_KEY_UILaunchScreen_Generation = YES;
				INFOPLIST_KEY_UISupportedInterfaceOrientations_iPad = "UIInterfaceOrientationPortrait UIInterfaceOrientationPortraitUpsideDown UIInterfaceOrientationLandscapeLeft UIInterfaceOrientationLandscapeRight";
				INFOPLIST_KEY_UISupportedInterfaceOrientations_iPhone = "UIInterfaceOrientationPortrait UIInterfaceOrientationLandscapeLeft UIInterfaceOrientationLandscapeRight";
				LD_RUNPATH_SEARCH_PATHS = (
					"$(inherited)",
					"@executable_path/Frameworks",
				);
				MARKETING_VERSION = 1.0;
				PRODUCT_BUNDLE_IDENTIFIER = k.TestSwiftUICommon;
				PRODUCT_NAME = "$(TARGET_NAME)";
				SWIFT_EMIT_LOC_STRINGS = YES;
				SWIFT_VERSION = 5.0;
				TARGETED_DEVICE_FAMILY = "1,2";
			};
			name = Debug;
		};
		6BF183D52E91678700EFF88D /* Release */ = {
			isa = XCBuildConfiguration;
			buildSettings = {
				ASSETCATALOG_COMPILER_APPICON_NAME = AppIcon;
				ASSETCATALOG_COMPILER_GLOBAL_ACCENT_COLOR_NAME = AccentColor;
				CODE_SIGN_STYLE = Automatic;
				CURRENT_PROJECT_VERSION = 1;
				DEVELOPMENT_ASSET_PATHS = "\"TestSwiftUICommon/Preview Content\"";
				DEVELOPMENT_TEAM = 7FV4MH2YV9;
				ENABLE_PREVIEWS = YES;
				GENERATE_INFOPLIST_FILE = YES;
				INFOPLIST_KEY_UIApplicationSceneManifest_Generation = YES;
				INFOPLIST_KEY_UIApplicationSupportsIndirectInputEvents = YES;
				INFOPLIST_KEY_UILaunchScreen_Generation = YES;
				INFOPLIST_KEY_UISupportedInterfaceOrientations_iPad = "UIInterfaceOrientationPortrait UIInterfaceOrientationPortraitUpsideDown UIInterfaceOrientationLandscapeLeft UIInterfaceOrientationLandscapeRight";
				INFOPLIST_KEY_UISupportedInterfaceOrientations_iPhone = "UIInterfaceOrientationPortrait UIInterfaceOrientationLandscapeLeft UIInterfaceOrientationLandscapeRight";
				LD_RUNPATH_SEARCH_PATHS = (
					"$(inherited)",
					"@executable_path/Frameworks",
				);
				MARKETING_VERSION = 1.0;
				PRODUCT_BUNDLE_IDENTIFIER = k.TestSwiftUICommon;
				PRODUCT_NAME = "$(TARGET_NAME)";
				SWIFT_EMIT_LOC_STRINGS = YES;
				SWIFT_VERSION = 5.0;
				TARGETED_DEVICE_FAMILY = "1,2";
			};
			name = Release;
		};
		6BF183D72E91678700EFF88D /* Debug */ = {
			isa = XCBuildConfiguration;
			buildSettings = {
				ALWAYS_EMBED_SWIFT_STANDARD_LIBRARIES = YES;
				BUNDLE_LOADER = "$(TEST_HOST)";
				CODE_SIGN_STYLE = Automatic;
				CURRENT_PROJECT_VERSION = 1;
				DEVELOPMENT_TEAM = 7FV4MH2YV9;
				GENERATE_INFOPLIST_FILE = YES;
				IPHONEOS_DEPLOYMENT_TARGET = 17.2;
				MARKETING_VERSION = 1.0;
				PRODUCT_BUNDLE_IDENTIFIER = k.TestSwiftUICommonTests;
				PRODUCT_NAME = "$(TARGET_NAME)";
				SWIFT_EMIT_LOC_STRINGS = NO;
				SWIFT_VERSION = 5.0;
				TARGETED_DEVICE_FAMILY = "1,2";
				TEST_HOST = "$(BUILT_PRODUCTS_DIR)/TestSwiftUICommon.app/$(BUNDLE_EXECUTABLE_FOLDER_PATH)/TestSwiftUICommon";
			};
			name = Debug;
		};
		6BF183D82E91678700EFF88D /* Release */ = {
			isa = XCBuildConfiguration;
			buildSettings = {
				ALWAYS_EMBED_SWIFT_STANDARD_LIBRARIES = YES;
				BUNDLE_LOADER = "$(TEST_HOST)";
				CODE_SIGN_STYLE = Automatic;
				CURRENT_PROJECT_VERSION = 1;
				DEVELOPMENT_TEAM = 7FV4MH2YV9;
				GENERATE_INFOPLIST_FILE = YES;
				IPHONEOS_DEPLOYMENT_TARGET = 17.2;
				MARKETING_VERSION = 1.0;
				PRODUCT_BUNDLE_IDENTIFIER = k.TestSwiftUICommonTests;
				PRODUCT_NAME = "$(TARGET_NAME)";
				SWIFT_EMIT_LOC_STRINGS = NO;
				SWIFT_VERSION = 5.0;
				TARGETED_DEVICE_FAMILY = "1,2";
				TEST_HOST = "$(BUILT_PRODUCTS_DIR)/TestSwiftUICommon.app/$(BUNDLE_EXECUTABLE_FOLDER_PATH)/TestSwiftUICommon";
			};
			name = Release;
		};
		6BF183DA2E91678700EFF88D /* Debug */ = {
			isa = XCBuildConfiguration;
			buildSettings = {
				ALWAYS_EMBED_SWIFT_STANDARD_LIBRARIES = YES;
				CODE_SIGN_STYLE = Automatic;
				CURRENT_PROJECT_VERSION = 1;
				DEVELOPMENT_TEAM = 7FV4MH2YV9;
				GENERATE_INFOPLIST_FILE = YES;
				MARKETING_VERSION = 1.0;
				PRODUCT_BUNDLE_IDENTIFIER = k.TestSwiftUICommonUITests;
				PRODUCT_NAME = "$(TARGET_NAME)";
				SWIFT_EMIT_LOC_STRINGS = NO;
				SWIFT_VERSION = 5.0;
				TARGETED_DEVICE_FAMILY = "1,2";
				TEST_TARGET_NAME = TestSwiftUICommon;
			};
			name = Debug;
		};
		6BF183DB2E91678700EFF88D /* Release */ = {
			isa = XCBuildConfiguration;
			buildSettings = {
				ALWAYS_EMBED_SWIFT_STANDARD_LIBRARIES = YES;
				CODE_SIGN_STYLE = Automatic;
				CURRENT_PROJECT_VERSION = 1;
				DEVELOPMENT_TEAM = 7FV4MH2YV9;
				GENERATE_INFOPLIST_FILE = YES;
				MARKETING_VERSION = 1.0;
				PRODUCT_BUNDLE_IDENTIFIER = k.TestSwiftUICommonUITests;
				PRODUCT_NAME = "$(TARGET_NAME)";
				SWIFT_EMIT_LOC_STRINGS = NO;
				SWIFT_VERSION = 5.0;
				TARGETED_DEVICE_FAMILY = "1,2";
				TEST_TARGET_NAME = TestSwiftUICommon;
			};
			name = Release;
		};
/* End XCBuildConfiguration section */

/* Begin XCConfigurationList section */
		6BF183AA2E91678300EFF88D /* Build configuration list for PBXProject "TestSwiftUICommon" */ = {
			isa = XCConfigurationList;
			buildConfigurations = (
				6BF183D12E91678700EFF88D /* Debug */,
				6BF183D22E91678700EFF88D /* Release */,
			);
			defaultConfigurationIsVisible = 0;
			defaultConfigurationName = Release;
		};
		6BF183D32E91678700EFF88D /* Build configuration list for PBXNativeTarget "TestSwiftUICommon" */ = {
			isa = XCConfigurationList;
			buildConfigurations = (
				6BF183D42E91678700EFF88D /* Debug */,
				6BF183D52E91678700EFF88D /* Release */,
			);
			defaultConfigurationIsVisible = 0;
			defaultConfigurationName = Release;
		};
		6BF183D62E91678700EFF88D /* Build configuration list for PBXNativeTarget "TestSwiftUICommonTests" */ = {
			isa = XCConfigurationList;
			buildConfigurations = (
				6BF183D72E91678700EFF88D /* Debug */,
				6BF183D82E91678700EFF88D /* Release */,
			);
			defaultConfigurationIsVisible = 0;
			defaultConfigurationName = Release;
		};
		6BF183D92E91678700EFF88D /* Build configuration list for PBXNativeTarget "TestSwiftUICommonUITests" */ = {
			isa = XCConfigurationList;
			buildConfigurations = (
				6BF183DA2E91678700EFF88D /* Debug */,
				6BF183DB2E91678700EFF88D /* Release */,
			);
			defaultConfigurationIsVisible = 0;
			defaultConfigurationName = Release;
		};
/* End XCConfigurationList section */
	};
	rootObject = 6BF183A72E91678300EFF88D /* Project object */;
}
